// !$*UTF8*$!
{
	archiveVersion = 1;
	classes = {
	};
	objectVersion = 46;
	objects = {

/* Begin PBXBuildFile section */
		6509B6C31F3FC5E30089B897 /* AppDelegate.swift in Sources */ = {isa = PBXBuildFile; fileRef = 6509B6C21F3FC5E30089B897 /* AppDelegate.swift */; };
		6509B6C51F3FC5E30089B897 /* ViewController.swift in Sources */ = {isa = PBXBuildFile; fileRef = 6509B6C41F3FC5E30089B897 /* ViewController.swift */; };
		6509B6C81F3FC5E30089B897 /* Main.storyboard in Resources */ = {isa = PBXBuildFile; fileRef = 6509B6C61F3FC5E30089B897 /* Main.storyboard */; };
		6509B6CB1F3FC5E30089B897 /* Rick_and_Morty_Soundboard.xcdatamodeld in Sources */ = {isa = PBXBuildFile; fileRef = 6509B6C91F3FC5E30089B897 /* Rick_and_Morty_Soundboard.xcdatamodeld */; };
		6509B6CD1F3FC5E30089B897 /* Assets.xcassets in Resources */ = {isa = PBXBuildFile; fileRef = 6509B6CC1F3FC5E30089B897 /* Assets.xcassets */; };
		6509B6D01F3FC5E30089B897 /* LaunchScreen.storyboard in Resources */ = {isa = PBXBuildFile; fileRef = 6509B6CE1F3FC5E30089B897 /* LaunchScreen.storyboard */; };
/* End PBXBuildFile section */

/* Begin PBXFileReference section */
		6509B6BF1F3FC5E30089B897 /* Rick and Morty Soundboard.app */ = {isa = PBXFileReference; explicitFileType = wrapper.application; includeInIndex = 0; path = "Rick and Morty Soundboard.app"; sourceTree = BUILT_PRODUCTS_DIR; };
		6509B6C21F3FC5E30089B897 /* AppDelegate.swift */ = {isa = PBXFileReference; lastKnownFileType = sourcecode.swift; path = AppDelegate.swift; sourceTree = "<group>"; };
		6509B6C41F3FC5E30089B897 /* ViewController.swift */ = {isa = PBXFileReference; lastKnownFileType = sourcecode.swift; path = ViewController.swift; sourceTree = "<group>"; };
		6509B6C71F3FC5E30089B897 /* Base */ = {isa = PBXFileReference; lastKnownFileType = file.storyboard; name = Base; path = Base.lproj/Main.storyboard; sourceTree = "<group>"; };
		6509B6CA1F3FC5E30089B897 /* Rick_and_Morty_Soundboard.xcdatamodel */ = {isa = PBXFileReference; lastKnownFileType = wrapper.xcdatamodel; path = Rick_and_Morty_Soundboard.xcdatamodel; sourceTree = "<group>"; };
		6509B6CC1F3FC5E30089B897 /* Assets.xcassets */ = {isa = PBXFileReference; lastKnownFileType = folder.assetcatalog; path = Assets.xcassets; sourceTree = "<group>"; };
		6509B6CF1F3FC5E30089B897 /* Base */ = {isa = PBXFileReference; lastKnownFileType = file.storyboard; name = Base; path = Base.lproj/LaunchScreen.storyboard; sourceTree = "<group>"; };
		6509B6D11F3FC5E30089B897 /* Info.plist */ = {isa = PBXFileReference; lastKnownFileType = text.plist.xml; path = Info.plist; sourceTree = "<group>"; };
/* End PBXFileReference section */

/* Begin PBXFrameworksBuildPhase section */
		6509B6BC1F3FC5E30089B897 /* Frameworks */ = {
			isa = PBXFrameworksBuildPhase;
			buildActionMask = 2147483647;
			files = (
			);
			runOnlyForDeploymentPostprocessing = 0;
		};
/* End PBXFrameworksBuildPhase section */

/* Begin PBXGroup section */
		6509B6B61F3FC5E30089B897 = {
			isa = PBXGroup;
			children = (
				6509B6C11F3FC5E30089B897 /* Rick and Morty Soundboard */,
				6509B6C01F3FC5E30089B897 /* Products */,
			);
			sourceTree = "<group>";
		};
		6509B6C01F3FC5E30089B897 /* Products */ = {
			isa = PBXGroup;
			children = (
				6509B6BF1F3FC5E30089B897 /* Rick and Morty Soundboard.app */,
			);
			name = Products;
			sourceTree = "<group>";
		};
		6509B6C11F3FC5E30089B897 /* Rick and Morty Soundboard */ = {
			isa = PBXGroup;
			children = (
				6509B6C21F3FC5E30089B897 /* AppDelegate.swift */,
				6509B6C41F3FC5E30089B897 /* ViewController.swift */,
				6509B6C61F3FC5E30089B897 /* Main.storyboard */,
				6509B6CC1F3FC5E30089B897 /* Assets.xcassets */,
				6509B6CE1F3FC5E30089B897 /* LaunchScreen.storyboard */,
				6509B6D11F3FC5E30089B897 /* Info.plist */,
				6509B6C91F3FC5E30089B897 /* Rick_and_Morty_Soundboard.xcdatamodeld */,
			);
			path = "Rick and Morty Soundboard";
			sourceTree = "<group>";
		};
/* End PBXGroup section */

/* Begin PBXNativeTarget section */
		6509B6BE1F3FC5E30089B897 /* Rick and Morty Soundboard */ = {
			isa = PBXNativeTarget;
			buildConfigurationList = 6509B6D41F3FC5E30089B897 /* Build configuration list for PBXNativeTarget "Rick and Morty Soundboard" */;
			buildPhases = (
				6509B6BB1F3FC5E30089B897 /* Sources */,
				6509B6BC1F3FC5E30089B897 /* Frameworks */,
				6509B6BD1F3FC5E30089B897 /* Resources */,
			);
			buildRules = (
			);
			dependencies = (
			);
			name = "Rick and Morty Soundboard";
			productName = "Rick and Morty Soundboard";
			productReference = 6509B6BF1F3FC5E30089B897 /* Rick and Morty Soundboard.app */;
			productType = "com.apple.product-type.application";
		};
/* End PBXNativeTarget section */

/* Begin PBXProject section */
		6509B6B71F3FC5E30089B897 /* Project object */ = {
			isa = PBXProject;
			attributes = {
				LastSwiftUpdateCheck = 0830;
				LastUpgradeCheck = 0830;
				ORGANIZATIONNAME = "Rogue Studios";
				TargetAttributes = {
					6509B6BE1F3FC5E30089B897 = {
						CreatedOnToolsVersion = 8.3.3;
						DevelopmentTeam = 2T3457P6TK;
						ProvisioningStyle = Automatic;
					};
				};
			};
			buildConfigurationList = 6509B6BA1F3FC5E30089B897 /* Build configuration list for PBXProject "Rick and Morty Soundboard" */;
			compatibilityVersion = "Xcode 3.2";
			developmentRegion = English;
			hasScannedForEncodings = 0;
			knownRegions = (
				en,
				Base,
			);
			mainGroup = 6509B6B61F3FC5E30089B897;
			productRefGroup = 6509B6C01F3FC5E30089B897 /* Products */;
			projectDirPath = "";
			projectRoot = "";
			targets = (
				6509B6BE1F3FC5E30089B897 /* Rick and Morty Soundboard */,
			);
		};
/* End PBXProject section */

/* Begin PBXResourcesBuildPhase section */
		6509B6BD1F3FC5E30089B897 /* Resources */ = {
			isa = PBXResourcesBuildPhase;
			buildActionMask = 2147483647;
			files = (
				6509B6D01F3FC5E30089B897 /* LaunchScreen.storyboard in Resources */,
				6509B6CD1F3FC5E30089B897 /* Assets.xcassets in Resources */,
				6509B6C81F3FC5E30089B897 /* Main.storyboard in Resources */,
			);
			runOnlyForDeploymentPostprocessing = 0;
		};
/* End PBXResourcesBuildPhase section */

/* Begin PBXSourcesBuildPhase section */
		6509B6BB1F3FC5E30089B897 /* Sources */ = {
			isa = PBXSourcesBuildPhase;
			buildActionMask = 2147483647;
			files = (
				6509B6C51F3FC5E30089B897 /* ViewController.swift in Sources */,
				6509B6C31F3FC5E30089B897 /* AppDelegate.swift in Sources */,
				6509B6CB1F3FC5E30089B897 /* Rick_and_Morty_Soundboard.xcdatamodeld in Sources */,
			);
			runOnlyForDeploymentPostprocessing = 0;
		};
/* End PBXSourcesBuildPhase section */

/* Begin PBXVariantGroup section */
		6509B6C61F3FC5E30089B897 /* Main.storyboard */ = {
			isa = PBXVariantGroup;
			children = (
				6509B6C71F3FC5E30089B897 /* Base */,
			);
			name = Main.storyboard;
			sourceTree = "<group>";
		};
		6509B6CE1F3FC5E30089B897 /* LaunchScreen.storyboard */ = {
			isa = PBXVariantGroup;
			children = (
				6509B6CF1F3FC5E30089B897 /* Base */,
			);
			name = LaunchScreen.storyboard;
			sourceTree = "<group>";
		};
/* End PBXVariantGroup section */

/* Begin XCBuildConfiguration section */
		6509B6D21F3FC5E30089B897 /* Debug */ = {
			isa = XCBuildConfiguration;
			buildSettings = {
				ALWAYS_SEARCH_USER_PATHS = NO;
				CLANG_ANALYZER_NONNULL = YES;
				CLANG_ANALYZER_NUMBER_OBJECT_CONVERSION = YES_AGGRESSIVE;
				CLANG_CXX_LANGUAGE_STANDARD = "gnu++0x";
				CLANG_CXX_LIBRARY = "libc++";
				CLANG_ENABLE_MODULES = YES;
				CLANG_ENABLE_OBJC_ARC = YES;
				CLANG_WARN_BOOL_CONVERSION = YES;
				CLANG_WARN_CONSTANT_CONVERSION = YES;
				CLANG_WARN_DIRECT_OBJC_ISA_USAGE = YES_ERROR;
				CLANG_WARN_DOCUMENTATION_COMMENTS = YES;
				CLANG_WARN_EMPTY_BODY = YES;
				CLANG_WARN_ENUM_CONVERSION = YES;
				CLANG_WARN_INFINITE_RECURSION = YES;
				CLANG_WARN_INT_CONVERSION = YES;
				CLANG_WARN_OBJC_ROOT_CLASS = YES_ERROR;
				CLANG_WARN_SUSPICIOUS_MOVE = YES;
				CLANG_WARN_UNREACHABLE_CODE = YES;
				CLANG_WARN__DUPLICATE_METHOD_MATCH = YES;
				"CODE_SIGN_IDENTITY[sdk=iphoneos*]" = "iPhone Developer";
				COPY_PHASE_STRIP = NO;
				DEBUG_INFORMATION_FORMAT = dwarf;
				ENABLE_STRICT_OBJC_MSGSEND = YES;
				ENABLE_TESTABILITY = YES;
				GCC_C_LANGUAGE_STANDARD = gnu99;
				GCC_DYNAMIC_NO_PIC = NO;
				GCC_NO_COMMON_BLOCKS = YES;
				GCC_OPTIMIZATION_LEVEL = 0;
				GCC_PREPROCESSOR_DEFINITIONS = (
					"DEBUG=1",
					"$(inherited)",
				);
				GCC_WARN_64_TO_32_BIT_CONVERSION = YES;
				GCC_WARN_ABOUT_RETURN_TYPE = YES_ERROR;
				GCC_WARN_UNDECLARED_SELECTOR = YES;
				GCC_WARN_UNINITIALIZED_AUTOS = YES_AGGRESSIVE;
				GCC_WARN_UNUSED_FUNCTION = YES;
				GCC_WARN_UNUSED_VARIABLE = YES;
				IPHONEOS_DEPLOYMENT_TARGET = 10.3;
				MTL_ENABLE_DEBUG_INFO = YES;
				ONLY_ACTIVE_ARCH = YES;
				SDKROOT = iphoneos;
				SWIFT_ACTIVE_COMPILATION_CONDITIONS = DEBUG;
				SWIFT_OPTIMIZATION_LEVEL = "-Onone";
				TARGETED_DEVICE_FAMILY = "1,2";
			};
			name = Debug;
		};
		6509B6D31F3FC5E30089B897 /* Release */ = {
			isa = XCBuildConfiguration;
			buildSettings = {
				ALWAYS_SEARCH_USER_PATHS = NO;
				CLANG_ANALYZER_NONNULL = YES;
				CLANG_ANALYZER_NUMBER_OBJECT_CONVERSION = YES_AGGRESSIVE;
				CLANG_CXX_LANGUAGE_STANDARD = "gnu++0x";
				CLANG_CXX_LIBRARY = "libc++";
				CLANG_ENABLE_MODULES = YES;
				CLANG_ENABLE_OBJC_ARC = YES;
				CLANG_WARN_BOOL_CONVERSION = YES;
				CLANG_WARN_CONSTANT_CONVERSION = YES;
				CLANG_WARN_DIRECT_OBJC_ISA_USAGE = YES_ERROR;
				CLANG_WARN_DOCUMENTATION_COMMENTS = YES;
				CLANG_WARN_EMPTY_BODY = YES;
				CLANG_WARN_ENUM_CONVERSION = YES;
				CLANG_WARN_INFINITE_RECURSION = YES;
				CLANG_WARN_INT_CONVERSION = YES;
				CLANG_WARN_OBJC_ROOT_CLASS = YES_ERROR;
				CLANG_WARN_SUSPICIOUS_MOVE = YES;
				CLANG_WARN_UNREACHABLE_CODE = YES;
				CLANG_WARN__DUPLICATE_METHOD_MATCH = YES;
				"CODE_SIGN_IDENTITY[sdk=iphoneos*]" = "iPhone Developer";
				COPY_PHASE_STRIP = NO;
				DEBUG_INFORMATION_FORMAT = "dwarf-with-dsym";
				ENABLE_NS_ASSERTIONS = NO;
				ENABLE_STRICT_OBJC_MSGSEND = YES;
				GCC_C_LANGUAGE_STANDARD = gnu99;
				GCC_NO_COMMON_BLOCKS = YES;
				GCC_WARN_64_TO_32_BIT_CONVERSION = YES;
				GCC_WARN_ABOUT_RETURN_TYPE = YES_ERROR;
				GCC_WARN_UNDECLARED_SELECTOR = YES;
				GCC_WARN_UNINITIALIZED_AUTOS = YES_AGGRESSIVE;
				GCC_WARN_UNUSED_FUNCTION = YES;
				GCC_WARN_UNUSED_VARIABLE = YES;
				IPHONEOS_DEPLOYMENT_TARGET = 10.3;
				MTL_ENABLE_DEBUG_INFO = NO;
				SDKROOT = iphoneos;
				SWIFT_OPTIMIZATION_LEVEL = "-Owholemodule";
				TARGETED_DEVICE_FAMILY = "1,2";
				VALIDATE_PRODUCT = YES;
			};
			name = Release;
		};
		6509B6D51F3FC5E30089B897 /* Debug */ = {
			isa = XCBuildConfiguration;
			buildSettings = {
				ASSETCATALOG_COMPILER_APPICON_NAME = AppIcon;
				DEVELOPMENT_TEAM = 2T3457P6TK;
				INFOPLIST_FILE = "Rick and Morty Soundboard/Info.plist";
				LD_RUNPATH_SEARCH_PATHS = "$(inherited) @executable_path/Frameworks";
				PRODUCT_BUNDLE_IDENTIFIER = "co.roguestudios.Rick-and-Morty-Soundboard";
				PRODUCT_NAME = "$(TARGET_NAME)";
				SWIFT_VERSION = 3.0;
			};
			name = Debug;
		};
		6509B6D61F3FC5E30089B897 /* Release */ = {
			isa = XCBuildConfiguration;
			buildSettings = {
				ASSETCATALOG_COMPILER_APPICON_NAME = AppIcon;
				DEVELOPMENT_TEAM = 2T3457P6TK;
				INFOPLIST_FILE = "Rick and Morty Soundboard/Info.plist";
				LD_RUNPATH_SEARCH_PATHS = "$(inherited) @executable_path/Frameworks";
				PRODUCT_BUNDLE_IDENTIFIER = "co.roguestudios.Rick-and-Morty-Soundboard";
				PRODUCT_NAME = "$(TARGET_NAME)";
				SWIFT_VERSION = 3.0;
			};
			name = Release;
		};
/* End XCBuildConfiguration section */

/* Begin XCConfigurationList section */
		6509B6BA1F3FC5E30089B897 /* Build configuration list for PBXProject "Rick and Morty Soundboard" */ = {
			isa = XCConfigurationList;
			buildConfigurations = (
				6509B6D21F3FC5E30089B897 /* Debug */,
				6509B6D31F3FC5E30089B897 /* Release */,
			);
			defaultConfigurationIsVisible = 0;
			defaultConfigurationName = Release;
		};
		6509B6D41F3FC5E30089B897 /* Build configuration list for PBXNativeTarget "Rick and Morty Soundboard" */ = {
			isa = XCConfigurationList;
			buildConfigurations = (
				6509B6D51F3FC5E30089B897 /* Debug */,
				6509B6D61F3FC5E30089B897 /* Release */,
			);
			defaultConfigurationIsVisible = 0;
		};
/* End XCConfigurationList section */

/* Begin XCVersionGroup section */
		6509B6C91F3FC5E30089B897 /* Rick_and_Morty_Soundboard.xcdatamodeld */ = {
			isa = XCVersionGroup;
			children = (
				6509B6CA1F3FC5E30089B897 /* Rick_and_Morty_Soundboard.xcdatamodel */,
			);
			currentVersion = 6509B6CA1F3FC5E30089B897 /* Rick_and_Morty_Soundboard.xcdatamodel */;
			path = Rick_and_Morty_Soundboard.xcdatamodeld;
			sourceTree = "<group>";
			versionGroupType = wrapper.xcdatamodel;
		};
/* End XCVersionGroup section */
	};
	rootObject = 6509B6B71F3FC5E30089B897 /* Project object */;
}
